
Microsoft Visual Studio Solution File, Format Version 12.00
# Visual Studio Version 17
VisualStudioVersion = 17.5.002.0
MinimumVisualStudioVersion = 10.0.40219.1
Project("{9A19103F-16F7-4668-BE54-9A1E7A4F7556}") = "DesafioFundamentos", "DesafioFundamentos.csproj", "{D4651CCA-6F08-4F57-9823-46658A83B8C2}"
EndProject
Global
	GlobalSection(SolutionConfigurationPlatforms) = preSolution
		Debug|Any CPU = Debug|Any CPU
		Release|Any CPU = Release|Any CPU
	EndGlobalSection
	GlobalSection(ProjectConfigurationPlatforms) = postSolution
		{D4651CCA-6F08-4F57-9823-46658A83B8C2}.Debug|Any CPU.ActiveCfg = Debug|Any CPU
		{D4651CCA-6F08-4F57-9823-46658A83B8C2}.Debug|Any CPU.Build.0 = Debug|Any CPU
		{D4651CCA-6F08-4F57-9823-46658A83B8C2}.Release|Any CPU.ActiveCfg = Release|Any CPU
		{D4651CCA-6F08-4F57-9823-46658A83B8C2}.Release|Any CPU.Build.0 = Release|Any CPU
	EndGlobalSection
	GlobalSection(SolutionProperties) = preSolution
		HideSolutionNode = FALSE
	EndGlobalSection
	GlobalSection(ExtensibilityGlobals) = postSolution
		SolutionGuid = {F04B5C16-9AA2-488B-99C4-643F04BC8665}
	EndGlobalSection
EndGlobal
